
Microsoft Visual Studio Solution File, Format Version 12.00
# Visual Studio Version 17
VisualStudioVersion = 17.5.002.0
MinimumVisualStudioVersion = 10.0.40219.1
Project("{9A19103F-16F7-4668-BE54-9A1E7A4F7556}") = "RetoLogica-4", "RetoLogica-4.csproj", "{68117123-4D99-44A3-965F-10FEF4788872}"
EndProject
Global
	GlobalSection(SolutionConfigurationPlatforms) = preSolution
		Debug|Any CPU = Debug|Any CPU
		Release|Any CPU = Release|Any CPU
	EndGlobalSection
	GlobalSection(ProjectConfigurationPlatforms) = postSolution
		{68117123-4D99-44A3-965F-10FEF4788872}.Debug|Any CPU.ActiveCfg = Debug|Any CPU
		{68117123-4D99-44A3-965F-10FEF4788872}.Debug|Any CPU.Build.0 = Debug|Any CPU
		{68117123-4D99-44A3-965F-10FEF4788872}.Release|Any CPU.ActiveCfg = Release|Any CPU
		{68117123-4D99-44A3-965F-10FEF4788872}.Release|Any CPU.Build.0 = Release|Any CPU
	EndGlobalSection
	GlobalSection(SolutionProperties) = preSolution
		HideSolutionNode = FALSE
	EndGlobalSection
	GlobalSection(ExtensibilityGlobals) = postSolution
		SolutionGuid = {C9368C5A-4566-4AE7-8393-46C2C5F7E98E}
	EndGlobalSection
EndGlobal
